
Microsoft Visual Studio Solution File, Format Version 12.00
# Visual Studio Version 17
VisualStudioVersion = 17.3.32929.385
MinimumVisualStudioVersion = 10.0.40219.1
Project("{FAE04EC0-301F-11D3-BF4B-00C04F79EFBC}") = "Group2Console2", "Group2Console2\Group2Console2.csproj", "{0B64AECE-C4C0-43D0-B545-107EF7784917}"
EndProject
Global
	GlobalSection(SolutionConfigurationPlatforms) = preSolution
		Debug|Any CPU = Debug|Any CPU
		Release|Any CPU = Release|Any CPU
	EndGlobalSection
	GlobalSection(ProjectConfigurationPlatforms) = postSolution
		{0B64AECE-C4C0-43D0-B545-107EF7784917}.Debug|Any CPU.ActiveCfg = Debug|Any CPU
		{0B64AECE-C4C0-43D0-B545-107EF7784917}.Debug|Any CPU.Build.0 = Debug|Any CPU
		{0B64AECE-C4C0-43D0-B545-107EF7784917}.Release|Any CPU.ActiveCfg = Release|Any CPU
		{0B64AECE-C4C0-43D0-B545-107EF7784917}.Release|Any CPU.Build.0 = Release|Any CPU
	EndGlobalSection
	GlobalSection(SolutionProperties) = preSolution
		HideSolutionNode = FALSE
	EndGlobalSection
	GlobalSection(ExtensibilityGlobals) = postSolution
		SolutionGuid = {7D219807-7C84-4E09-A395-A56D4037E77B}
	EndGlobalSection
EndGlobal
